
Microsoft Visual Studio Solution File, Format Version 12.00
# Visual Studio Version 16
VisualStudioVersion = 16.0.30002.166
MinimumVisualStudioVersion = 10.0.40219.1
Project("{9A19103F-16F7-4668-BE54-9A1E7A4F7556}") = "LeetCode - 30 Day Challange", "LeetCode - 30 Day Challange\LeetCode - 30 Day Challange.csproj", "{5A87246C-3DD1-4F1B-9993-DF0568E2532E}"
EndProject
Project("{FAE04EC0-301F-11D3-BF4B-00C04F79EFBC}") = "LeetCode.Nunit", "LeetCode.Nunit\LeetCode.Nunit.csproj", "{495917D6-AE76-4222-B9A3-A46E51BD892C}"
EndProject
Global
	GlobalSection(SolutionConfigurationPlatforms) = preSolution
		Debug|Any CPU = Debug|Any CPU
		Release|Any CPU = Release|Any CPU
	EndGlobalSection
	GlobalSection(ProjectConfigurationPlatforms) = postSolution
		{5A87246C-3DD1-4F1B-9993-DF0568E2532E}.Debug|Any CPU.ActiveCfg = Debug|Any CPU
		{5A87246C-3DD1-4F1B-9993-DF0568E2532E}.Debug|Any CPU.Build.0 = Debug|Any CPU
		{5A87246C-3DD1-4F1B-9993-DF0568E2532E}.Release|Any CPU.ActiveCfg = Release|Any CPU
		{5A87246C-3DD1-4F1B-9993-DF0568E2532E}.Release|Any CPU.Build.0 = Release|Any CPU
		{495917D6-AE76-4222-B9A3-A46E51BD892C}.Debug|Any CPU.ActiveCfg = Debug|Any CPU
		{495917D6-AE76-4222-B9A3-A46E51BD892C}.Debug|Any CPU.Build.0 = Debug|Any CPU
		{495917D6-AE76-4222-B9A3-A46E51BD892C}.Release|Any CPU.ActiveCfg = Release|Any CPU
		{495917D6-AE76-4222-B9A3-A46E51BD892C}.Release|Any CPU.Build.0 = Release|Any CPU
	EndGlobalSection
	GlobalSection(SolutionProperties) = preSolution
		HideSolutionNode = FALSE
	EndGlobalSection
	GlobalSection(ExtensibilityGlobals) = postSolution
		SolutionGuid = {9A3C5C24-5AB4-4163-9ACB-948FD83F9642}
	EndGlobalSection
EndGlobal
